
Microsoft Visual Studio Solution File, Format Version 12.00
# Visual Studio Version 17
VisualStudioVersion = 17.14.36401.2 d17.14
MinimumVisualStudioVersion = 10.0.40219.1
Project("{FAE04EC0-301F-11D3-BF4B-00C04F79EFBC}") = "TopicSender", "TopicSender\TopicSender.csproj", "{1DC70ABD-5F63-44BA-A973-B0571F53635C}"
EndProject
Project("{FAE04EC0-301F-11D3-BF4B-00C04F79EFBC}") = "SubscriptionReceiver", "SubscriptionReceiver\SubscriptionReceiver.csproj", "{22364BE5-E771-45DA-93A3-634649666FBD}"
EndProject
Global
	GlobalSection(SolutionConfigurationPlatforms) = preSolution
		Debug|Any CPU = Debug|Any CPU
		Release|Any CPU = Release|Any CPU
	EndGlobalSection
	GlobalSection(ProjectConfigurationPlatforms) = postSolution
		{1DC70ABD-5F63-44BA-A973-B0571F53635C}.Debug|Any CPU.ActiveCfg = Debug|Any CPU
		{1DC70ABD-5F63-44BA-A973-B0571F53635C}.Debug|Any CPU.Build.0 = Debug|Any CPU
		{1DC70ABD-5F63-44BA-A973-B0571F53635C}.Release|Any CPU.ActiveCfg = Release|Any CPU
		{1DC70ABD-5F63-44BA-A973-B0571F53635C}.Release|Any CPU.Build.0 = Release|Any CPU
		{22364BE5-E771-45DA-93A3-634649666FBD}.Debug|Any CPU.ActiveCfg = Debug|Any CPU
		{22364BE5-E771-45DA-93A3-634649666FBD}.Debug|Any CPU.Build.0 = Debug|Any CPU
		{22364BE5-E771-45DA-93A3-634649666FBD}.Release|Any CPU.ActiveCfg = Release|Any CPU
		{22364BE5-E771-45DA-93A3-634649666FBD}.Release|Any CPU.Build.0 = Release|Any CPU
	EndGlobalSection
	GlobalSection(SolutionProperties) = preSolution
		HideSolutionNode = FALSE
	EndGlobalSection
	GlobalSection(ExtensibilityGlobals) = postSolution
		SolutionGuid = {A615402C-3043-4644-93BB-AF6DBEC337EA}
	EndGlobalSection
EndGlobal
